
Microsoft Visual Studio Solution File, Format Version 12.00
# Visual Studio 2012
Project("{FAE04EC0-301F-11D3-BF4B-00C04F79EFBC}") = "VennDexer", "VennDexer\VennDexer.csproj", "{8EC4E20F-0390-46B2-8E59-59812158CE16}"
EndProject
Project("{FAE04EC0-301F-11D3-BF4B-00C04F79EFBC}") = "VennDexerConsumer", "VennDexerConsumer\VennDexerConsumer.csproj", "{4A66C527-C33F-4FDE-81AC-8EE3967629CB}"
EndProject
Global
	GlobalSection(SolutionConfigurationPlatforms) = preSolution
		Debug|Any CPU = Debug|Any CPU
		Release|Any CPU = Release|Any CPU
	EndGlobalSection
	GlobalSection(ProjectConfigurationPlatforms) = postSolution
		{8EC4E20F-0390-46B2-8E59-59812158CE16}.Debug|Any CPU.ActiveCfg = Debug|Any CPU
		{8EC4E20F-0390-46B2-8E59-59812158CE16}.Debug|Any CPU.Build.0 = Debug|Any CPU
		{8EC4E20F-0390-46B2-8E59-59812158CE16}.Release|Any CPU.ActiveCfg = Release|Any CPU
		{8EC4E20F-0390-46B2-8E59-59812158CE16}.Release|Any CPU.Build.0 = Release|Any CPU
		{4A66C527-C33F-4FDE-81AC-8EE3967629CB}.Debug|Any CPU.ActiveCfg = Debug|Any CPU
		{4A66C527-C33F-4FDE-81AC-8EE3967629CB}.Debug|Any CPU.Build.0 = Debug|Any CPU
		{4A66C527-C33F-4FDE-81AC-8EE3967629CB}.Release|Any CPU.ActiveCfg = Release|Any CPU
		{4A66C527-C33F-4FDE-81AC-8EE3967629CB}.Release|Any CPU.Build.0 = Release|Any CPU
	EndGlobalSection
	GlobalSection(SolutionProperties) = preSolution
		HideSolutionNode = FALSE
	EndGlobalSection
EndGlobal
